
Microsoft Visual Studio Solution File, Format Version 12.00
# Visual Studio Version 16
VisualStudioVersion = 16.0.30717.126
MinimumVisualStudioVersion = 10.0.40219.1
Project("{FAE04EC0-301F-11D3-BF4B-00C04F79EFBC}") = "WindowsForms1", "WindowsForms1\WindowsForms1.csproj", "{C7506476-965F-4047-801E-22AC06B443DE}"
EndProject
Global
	GlobalSection(SolutionConfigurationPlatforms) = preSolution
		Debug|Any CPU = Debug|Any CPU
		Release|Any CPU = Release|Any CPU
	EndGlobalSection
	GlobalSection(ProjectConfigurationPlatforms) = postSolution
		{C7506476-965F-4047-801E-22AC06B443DE}.Debug|Any CPU.ActiveCfg = Debug|Any CPU
		{C7506476-965F-4047-801E-22AC06B443DE}.Debug|Any CPU.Build.0 = Debug|Any CPU
		{C7506476-965F-4047-801E-22AC06B443DE}.Release|Any CPU.ActiveCfg = Release|Any CPU
		{C7506476-965F-4047-801E-22AC06B443DE}.Release|Any CPU.Build.0 = Release|Any CPU
	EndGlobalSection
	GlobalSection(SolutionProperties) = preSolution
		HideSolutionNode = FALSE
	EndGlobalSection
	GlobalSection(ExtensibilityGlobals) = postSolution
		SolutionGuid = {B96D2DF0-306E-4622-BE09-8B23032A5F0D}
	EndGlobalSection
EndGlobal
